
Microsoft Visual Studio Solution File, Format Version 12.00
# Visual Studio Version 17
VisualStudioVersion = 17.11.35303.130
MinimumVisualStudioVersion = 10.0.40219.1
Project("{FAE04EC0-301F-11D3-BF4B-00C04F79EFBC}") = "IGCV_GUI_Framework", "IGCV_GUI_Framework\IGCV_GUI_Framework.csproj", "{739F6235-C7EC-4685-A395-950E53BC57AA}"
EndProject
Global
	GlobalSection(SolutionConfigurationPlatforms) = preSolution
		Debug|Any CPU = Debug|Any CPU
		Release|Any CPU = Release|Any CPU
	EndGlobalSection
	GlobalSection(ProjectConfigurationPlatforms) = postSolution
		{739F6235-C7EC-4685-A395-950E53BC57AA}.Debug|Any CPU.ActiveCfg = Debug|Any CPU
		{739F6235-C7EC-4685-A395-950E53BC57AA}.Debug|Any CPU.Build.0 = Debug|Any CPU
		{739F6235-C7EC-4685-A395-950E53BC57AA}.Release|Any CPU.ActiveCfg = Release|Any CPU
		{739F6235-C7EC-4685-A395-950E53BC57AA}.Release|Any CPU.Build.0 = Release|Any CPU
	EndGlobalSection
	GlobalSection(SolutionProperties) = preSolution
		HideSolutionNode = FALSE
	EndGlobalSection
	GlobalSection(ExtensibilityGlobals) = postSolution
		SolutionGuid = {1A67EDF6-9DEE-44B6-95E4-33D92D502002}
	EndGlobalSection
EndGlobal